
Microsoft Visual Studio Solution File, Format Version 12.00
# Visual Studio Version 17
VisualStudioVersion = 17.5.33414.496
MinimumVisualStudioVersion = 10.0.40219.1
Project("{FAE04EC0-301F-11D3-BF4B-00C04F79EFBC}") = "Business", "Business\Business.csproj", "{1BC2F506-7785-49F9-A5B9-124D7680234B}"
EndProject
Project("{FAE04EC0-301F-11D3-BF4B-00C04F79EFBC}") = "Core", "Core\Core.csproj", "{1BF9B058-0499-4B1F-8913-4ECEC7B3265E}"
EndProject
Project("{FAE04EC0-301F-11D3-BF4B-00C04F79EFBC}") = "DataAccess", "DataAccess\DataAccess.csproj", "{E0250534-E2BA-486D-818D-99F5856C7CC8}"
EndProject
Project("{FAE04EC0-301F-11D3-BF4B-00C04F79EFBC}") = "Entities", "Entities\Entities.csproj", "{6B8F2FBB-DFA4-4F38-8A40-3298C8BD968D}"
EndProject
Project("{FAE04EC0-301F-11D3-BF4B-00C04F79EFBC}") = "WebApi", "WebApi\WebApi.csproj", "{CD64F862-CFBB-478F-8DC7-C83CB58DB79A}"
EndProject
Global
	GlobalSection(SolutionConfigurationPlatforms) = preSolution
		Debug|Any CPU = Debug|Any CPU
		Release|Any CPU = Release|Any CPU
	EndGlobalSection
	GlobalSection(ProjectConfigurationPlatforms) = postSolution
		{1BC2F506-7785-49F9-A5B9-124D7680234B}.Debug|Any CPU.ActiveCfg = Debug|Any CPU
		{1BC2F506-7785-49F9-A5B9-124D7680234B}.Debug|Any CPU.Build.0 = Debug|Any CPU
		{1BC2F506-7785-49F9-A5B9-124D7680234B}.Release|Any CPU.ActiveCfg = Release|Any CPU
		{1BC2F506-7785-49F9-A5B9-124D7680234B}.Release|Any CPU.Build.0 = Release|Any CPU
		{1BF9B058-0499-4B1F-8913-4ECEC7B3265E}.Debug|Any CPU.ActiveCfg = Debug|Any CPU
		{1BF9B058-0499-4B1F-8913-4ECEC7B3265E}.Debug|Any CPU.Build.0 = Debug|Any CPU
		{1BF9B058-0499-4B1F-8913-4ECEC7B3265E}.Release|Any CPU.ActiveCfg = Release|Any CPU
		{1BF9B058-0499-4B1F-8913-4ECEC7B3265E}.Release|Any CPU.Build.0 = Release|Any CPU
		{E0250534-E2BA-486D-818D-99F5856C7CC8}.Debug|Any CPU.ActiveCfg = Debug|Any CPU
		{E0250534-E2BA-486D-818D-99F5856C7CC8}.Debug|Any CPU.Build.0 = Debug|Any CPU
		{E0250534-E2BA-486D-818D-99F5856C7CC8}.Release|Any CPU.ActiveCfg = Release|Any CPU
		{E0250534-E2BA-486D-818D-99F5856C7CC8}.Release|Any CPU.Build.0 = Release|Any CPU
		{6B8F2FBB-DFA4-4F38-8A40-3298C8BD968D}.Debug|Any CPU.ActiveCfg = Debug|Any CPU
		{6B8F2FBB-DFA4-4F38-8A40-3298C8BD968D}.Debug|Any CPU.Build.0 = Debug|Any CPU
		{6B8F2FBB-DFA4-4F38-8A40-3298C8BD968D}.Release|Any CPU.ActiveCfg = Release|Any CPU
		{6B8F2FBB-DFA4-4F38-8A40-3298C8BD968D}.Release|Any CPU.Build.0 = Release|Any CPU
		{CD64F862-CFBB-478F-8DC7-C83CB58DB79A}.Debug|Any CPU.ActiveCfg = Debug|Any CPU
		{CD64F862-CFBB-478F-8DC7-C83CB58DB79A}.Debug|Any CPU.Build.0 = Debug|Any CPU
		{CD64F862-CFBB-478F-8DC7-C83CB58DB79A}.Release|Any CPU.ActiveCfg = Release|Any CPU
		{CD64F862-CFBB-478F-8DC7-C83CB58DB79A}.Release|Any CPU.Build.0 = Release|Any CPU
	EndGlobalSection
	GlobalSection(SolutionProperties) = preSolution
		HideSolutionNode = FALSE
	EndGlobalSection
	GlobalSection(ExtensibilityGlobals) = postSolution
		SolutionGuid = {5E7D2D64-319A-42B4-A84C-F2367A018A3D}
	EndGlobalSection
EndGlobal
